
Microsoft Visual Studio Solution File, Format Version 12.00
# Visual Studio 15
VisualStudioVersion = 15.0.28307.421
MinimumVisualStudioVersion = 10.0.40219.1
Project("{FAE04EC0-301F-11D3-BF4B-00C04F79EFBC}") = "System_Task2", "System_Task2\System_Task2.csproj", "{577C85F7-C2BF-4779-B772-F7345F5CE341}"
EndProject
Global
	GlobalSection(SolutionConfigurationPlatforms) = preSolution
		Debug|Any CPU = Debug|Any CPU
		Release|Any CPU = Release|Any CPU
	EndGlobalSection
	GlobalSection(ProjectConfigurationPlatforms) = postSolution
		{577C85F7-C2BF-4779-B772-F7345F5CE341}.Debug|Any CPU.ActiveCfg = Debug|Any CPU
		{577C85F7-C2BF-4779-B772-F7345F5CE341}.Debug|Any CPU.Build.0 = Debug|Any CPU
		{577C85F7-C2BF-4779-B772-F7345F5CE341}.Release|Any CPU.ActiveCfg = Release|Any CPU
		{577C85F7-C2BF-4779-B772-F7345F5CE341}.Release|Any CPU.Build.0 = Release|Any CPU
	EndGlobalSection
	GlobalSection(SolutionProperties) = preSolution
		HideSolutionNode = FALSE
	EndGlobalSection
	GlobalSection(ExtensibilityGlobals) = postSolution
		SolutionGuid = {FC2EE2AD-7770-4487-841E-4325A8613884}
	EndGlobalSection
EndGlobal
